
Microsoft Visual Studio Solution File, Format Version 12.00
# Visual Studio Version 16
VisualStudioVersion = 16.0.30011.22
MinimumVisualStudioVersion = 10.0.40219.1
Project("{FAE04EC0-301F-11D3-BF4B-00C04F79EFBC}") = "FlappyBird", "FlappyBird\FlappyBird.csproj", "{4CD7D3CA-C9E4-47E8-A9A7-2B2AC68C5360}"
EndProject
Global
	GlobalSection(SolutionConfigurationPlatforms) = preSolution
		Debug|Any CPU = Debug|Any CPU
		Release|Any CPU = Release|Any CPU
	EndGlobalSection
	GlobalSection(ProjectConfigurationPlatforms) = postSolution
		{4CD7D3CA-C9E4-47E8-A9A7-2B2AC68C5360}.Debug|Any CPU.ActiveCfg = Debug|Any CPU
		{4CD7D3CA-C9E4-47E8-A9A7-2B2AC68C5360}.Debug|Any CPU.Build.0 = Debug|Any CPU
		{4CD7D3CA-C9E4-47E8-A9A7-2B2AC68C5360}.Release|Any CPU.ActiveCfg = Release|Any CPU
		{4CD7D3CA-C9E4-47E8-A9A7-2B2AC68C5360}.Release|Any CPU.Build.0 = Release|Any CPU
	EndGlobalSection
	GlobalSection(SolutionProperties) = preSolution
		HideSolutionNode = FALSE
	EndGlobalSection
	GlobalSection(ExtensibilityGlobals) = postSolution
		SolutionGuid = {6195AEA1-1E9C-4F0A-9B81-FE933D0FAA58}
	EndGlobalSection
EndGlobal
